
Microsoft Visual Studio Solution File, Format Version 12.00
# Visual Studio Version 17
VisualStudioVersion = 17.3.32811.315
MinimumVisualStudioVersion = 10.0.40219.1
Project("{FAE04EC0-301F-11D3-BF4B-00C04F79EFBC}") = "Code", "Code\Code.csproj", "{14856AE2-6284-4428-87A5-CB8935E89211}"
EndProject
Global
	GlobalSection(SolutionConfigurationPlatforms) = preSolution
		Debug|Any CPU = Debug|Any CPU
		Release|Any CPU = Release|Any CPU
	EndGlobalSection
	GlobalSection(ProjectConfigurationPlatforms) = postSolution
		{14856AE2-6284-4428-87A5-CB8935E89211}.Debug|Any CPU.ActiveCfg = Debug|Any CPU
		{14856AE2-6284-4428-87A5-CB8935E89211}.Debug|Any CPU.Build.0 = Debug|Any CPU
		{14856AE2-6284-4428-87A5-CB8935E89211}.Release|Any CPU.ActiveCfg = Release|Any CPU
		{14856AE2-6284-4428-87A5-CB8935E89211}.Release|Any CPU.Build.0 = Release|Any CPU
	EndGlobalSection
	GlobalSection(SolutionProperties) = preSolution
		HideSolutionNode = FALSE
	EndGlobalSection
	GlobalSection(ExtensibilityGlobals) = postSolution
		SolutionGuid = {04647723-738F-4F72-BF43-1CF93F3F06CC}
	EndGlobalSection
EndGlobal
